// !$*UTF8*$!
{
	archiveVersion = 1;
	classes = {
	};
	objectVersion = 56;
	objects = {

/* Begin PBXBuildFile section */
		E2666FAB2B5C2E1400384A3A /* Date+Helpers.swift in Sources */ = {isa = PBXBuildFile; fileRef = E2666FAA2B5C2E1400384A3A /* Date+Helpers.swift */; };
		E2666FAD2B5C414B00384A3A /* DaySlider.swift in Sources */ = {isa = PBXBuildFile; fileRef = E2666FAC2B5C414B00384A3A /* DaySlider.swift */; };
		E2666FAF2B5C418000384A3A /* DayCircle.swift in Sources */ = {isa = PBXBuildFile; fileRef = E2666FAE2B5C418000384A3A /* DayCircle.swift */; };
		E2666FB12B5C418D00384A3A /* Triangle.swift in Sources */ = {isa = PBXBuildFile; fileRef = E2666FB02B5C418D00384A3A /* Triangle.swift */; };
		E2666FB32B5C41A200384A3A /* DayScrollTargetBehavior.swift in Sources */ = {isa = PBXBuildFile; fileRef = E2666FB22B5C41A200384A3A /* DayScrollTargetBehavior.swift */; };
		E2666FB52B5C41BA00384A3A /* Global.swift in Sources */ = {isa = PBXBuildFile; fileRef = E2666FB42B5C41BA00384A3A /* Global.swift */; };
		E2666FB82B5C44AF00384A3A /* SwiftHaptics in Frameworks */ = {isa = PBXBuildFile; productRef = E2666FB72B5C44AF00384A3A /* SwiftHaptics */; };
		E29A3AF22B5BC9CB00FA3757 /* PrepLogDemoApp.swift in Sources */ = {isa = PBXBuildFile; fileRef = E29A3AF12B5BC9CB00FA3757 /* PrepLogDemoApp.swift */; };
		E29A3AF42B5BC9CB00FA3757 /* LogView.swift in Sources */ = {isa = PBXBuildFile; fileRef = E29A3AF32B5BC9CB00FA3757 /* LogView.swift */; };
		E29A3AF62B5BC9CC00FA3757 /* Assets.xcassets in Resources */ = {isa = PBXBuildFile; fileRef = E29A3AF52B5BC9CC00FA3757 /* Assets.xcassets */; };
		E29A3AFA2B5BC9CC00FA3757 /* Preview Assets.xcassets in Resources */ = {isa = PBXBuildFile; fileRef = E29A3AF92B5BC9CC00FA3757 /* Preview Assets.xcassets */; };
		E29A3B012B5BCC2500FA3757 /* NutrientsView.swift in Sources */ = {isa = PBXBuildFile; fileRef = E29A3B002B5BCC2500FA3757 /* NutrientsView.swift */; };
		E29A3B032B5BD15B00FA3757 /* Looping.swift in Sources */ = {isa = PBXBuildFile; fileRef = E29A3B022B5BD15B00FA3757 /* Looping.swift */; };
		E29A3B062B5BDE5F00FA3757 /* SwiftSugar in Frameworks */ = {isa = PBXBuildFile; productRef = E29A3B052B5BDE5F00FA3757 /* SwiftSugar */; };
		E2A64C982B5C7A8E009C506A /* ColorSugar in Frameworks */ = {isa = PBXBuildFile; productRef = E2A64C972B5C7A8E009C506A /* ColorSugar */; };
/* End PBXBuildFile section */

/* Begin PBXFileReference section */
		E2666FAA2B5C2E1400384A3A /* Date+Helpers.swift */ = {isa = PBXFileReference; lastKnownFileType = sourcecode.swift; path = "Date+Helpers.swift"; sourceTree = "<group>"; };
		E2666FAC2B5C414B00384A3A /* DaySlider.swift */ = {isa = PBXFileReference; lastKnownFileType = sourcecode.swift; path = DaySlider.swift; sourceTree = "<group>"; };
		E2666FAE2B5C418000384A3A /* DayCircle.swift */ = {isa = PBXFileReference; lastKnownFileType = sourcecode.swift; path = DayCircle.swift; sourceTree = "<group>"; };
		E2666FB02B5C418D00384A3A /* Triangle.swift */ = {isa = PBXFileReference; lastKnownFileType = sourcecode.swift; path = Triangle.swift; sourceTree = "<group>"; };
		E2666FB22B5C41A200384A3A /* DayScrollTargetBehavior.swift */ = {isa = PBXFileReference; lastKnownFileType = sourcecode.swift; path = DayScrollTargetBehavior.swift; sourceTree = "<group>"; };
		E2666FB42B5C41BA00384A3A /* Global.swift */ = {isa = PBXFileReference; lastKnownFileType = sourcecode.swift; path = Global.swift; sourceTree = "<group>"; };
		E29A3AEE2B5BC9CB00FA3757 /* PrepLogDemo.app */ = {isa = PBXFileReference; explicitFileType = wrapper.application; includeInIndex = 0; path = PrepLogDemo.app; sourceTree = BUILT_PRODUCTS_DIR; };
		E29A3AF12B5BC9CB00FA3757 /* PrepLogDemoApp.swift */ = {isa = PBXFileReference; lastKnownFileType = sourcecode.swift; path = PrepLogDemoApp.swift; sourceTree = "<group>"; };
		E29A3AF32B5BC9CB00FA3757 /* LogView.swift */ = {isa = PBXFileReference; lastKnownFileType = sourcecode.swift; path = LogView.swift; sourceTree = "<group>"; };
		E29A3AF52B5BC9CC00FA3757 /* Assets.xcassets */ = {isa = PBXFileReference; lastKnownFileType = folder.assetcatalog; path = Assets.xcassets; sourceTree = "<group>"; };
		E29A3AF72B5BC9CC00FA3757 /* PrepLogDemo.entitlements */ = {isa = PBXFileReference; lastKnownFileType = text.plist.entitlements; path = PrepLogDemo.entitlements; sourceTree = "<group>"; };
		E29A3AF92B5BC9CC00FA3757 /* Preview Assets.xcassets */ = {isa = PBXFileReference; lastKnownFileType = folder.assetcatalog; path = "Preview Assets.xcassets"; sourceTree = "<group>"; };
		E29A3B002B5BCC2500FA3757 /* NutrientsView.swift */ = {isa = PBXFileReference; lastKnownFileType = sourcecode.swift; path = NutrientsView.swift; sourceTree = "<group>"; };
		E29A3B022B5BD15B00FA3757 /* Looping.swift */ = {isa = PBXFileReference; lastKnownFileType = sourcecode.swift; path = Looping.swift; sourceTree = "<group>"; };
/* End PBXFileReference section */

/* Begin PBXFrameworksBuildPhase section */
		E29A3AEB2B5BC9CB00FA3757 /* Frameworks */ = {
			isa = PBXFrameworksBuildPhase;
			buildActionMask = 2147483647;
			files = (
				E29A3B062B5BDE5F00FA3757 /* SwiftSugar in Frameworks */,
				E2A64C982B5C7A8E009C506A /* ColorSugar in Frameworks */,
				E2666FB82B5C44AF00384A3A /* SwiftHaptics in Frameworks */,
			);
			runOnlyForDeploymentPostprocessing = 0;
		};
/* End PBXFrameworksBuildPhase section */

/* Begin PBXGroup section */
		E29A3AE52B5BC9CB00FA3757 = {
			isa = PBXGroup;
			children = (
				E29A3AF02B5BC9CB00FA3757 /* PrepLogDemo */,
				E29A3AEF2B5BC9CB00FA3757 /* Products */,
			);
			sourceTree = "<group>";
		};
		E29A3AEF2B5BC9CB00FA3757 /* Products */ = {
			isa = PBXGroup;
			children = (
				E29A3AEE2B5BC9CB00FA3757 /* PrepLogDemo.app */,
			);
			name = Products;
			sourceTree = "<group>";
		};
		E29A3AF02B5BC9CB00FA3757 /* PrepLogDemo */ = {
			isa = PBXGroup;
			children = (
				E29A3AF12B5BC9CB00FA3757 /* PrepLogDemoApp.swift */,
				E29A3AF32B5BC9CB00FA3757 /* LogView.swift */,
				E2666FB42B5C41BA00384A3A /* Global.swift */,
				E2666FB22B5C41A200384A3A /* DayScrollTargetBehavior.swift */,
				E2666FAE2B5C418000384A3A /* DayCircle.swift */,
				E2666FB02B5C418D00384A3A /* Triangle.swift */,
				E2666FAC2B5C414B00384A3A /* DaySlider.swift */,
				E2666FAA2B5C2E1400384A3A /* Date+Helpers.swift */,
				E29A3B022B5BD15B00FA3757 /* Looping.swift */,
				E29A3B002B5BCC2500FA3757 /* NutrientsView.swift */,
				E29A3AF52B5BC9CC00FA3757 /* Assets.xcassets */,
				E29A3AF72B5BC9CC00FA3757 /* PrepLogDemo.entitlements */,
				E29A3AF82B5BC9CC00FA3757 /* Preview Content */,
			);
			path = PrepLogDemo;
			sourceTree = "<group>";
		};
		E29A3AF82B5BC9CC00FA3757 /* Preview Content */ = {
			isa = PBXGroup;
			children = (
				E29A3AF92B5BC9CC00FA3757 /* Preview Assets.xcassets */,
			);
			path = "Preview Content";
			sourceTree = "<group>";
		};
/* End PBXGroup section */

/* Begin PBXNativeTarget section */
		E29A3AED2B5BC9CB00FA3757 /* PrepLogDemo */ = {
			isa = PBXNativeTarget;
			buildConfigurationList = E29A3AFD2B5BC9CC00FA3757 /* Build configuration list for PBXNativeTarget "PrepLogDemo" */;
			buildPhases = (
				E29A3AEA2B5BC9CB00FA3757 /* Sources */,
				E29A3AEB2B5BC9CB00FA3757 /* Frameworks */,
				E29A3AEC2B5BC9CB00FA3757 /* Resources */,
			);
			buildRules = (
			);
			dependencies = (
			);
			name = PrepLogDemo;
			packageProductDependencies = (
				E29A3B052B5BDE5F00FA3757 /* SwiftSugar */,
				E2666FB72B5C44AF00384A3A /* SwiftHaptics */,
				E2A64C972B5C7A8E009C506A /* ColorSugar */,
			);
			productName = PrepLogDemo;
			productReference = E29A3AEE2B5BC9CB00FA3757 /* PrepLogDemo.app */;
			productType = "com.apple.product-type.application";
		};
/* End PBXNativeTarget section */

/* Begin PBXProject section */
		E29A3AE62B5BC9CB00FA3757 /* Project object */ = {
			isa = PBXProject;
			attributes = {
				BuildIndependentTargetsInParallel = 1;
				LastSwiftUpdateCheck = 1520;
				LastUpgradeCheck = 1520;
				TargetAttributes = {
					E29A3AED2B5BC9CB00FA3757 = {
						CreatedOnToolsVersion = 15.2;
					};
				};
			};
			buildConfigurationList = E29A3AE92B5BC9CB00FA3757 /* Build configuration list for PBXProject "PrepLogDemo" */;
			compatibilityVersion = "Xcode 14.0";
			developmentRegion = en;
			hasScannedForEncodings = 0;
			knownRegions = (
				en,
				Base,
			);
			mainGroup = E29A3AE52B5BC9CB00FA3757;
			packageReferences = (
				E29A3B042B5BDE5F00FA3757 /* XCRemoteSwiftPackageReference "SwiftSugar" */,
				E2666FB62B5C44AE00384A3A /* XCRemoteSwiftPackageReference "SwiftHaptics" */,
				E2A64C962B5C7A8E009C506A /* XCRemoteSwiftPackageReference "ColorSugar" */,
			);
			productRefGroup = E29A3AEF2B5BC9CB00FA3757 /* Products */;
			projectDirPath = "";
			projectRoot = "";
			targets = (
				E29A3AED2B5BC9CB00FA3757 /* PrepLogDemo */,
			);
		};
/* End PBXProject section */

/* Begin PBXResourcesBuildPhase section */
		E29A3AEC2B5BC9CB00FA3757 /* Resources */ = {
			isa = PBXResourcesBuildPhase;
			buildActionMask = 2147483647;
			files = (
				E29A3AFA2B5BC9CC00FA3757 /* Preview Assets.xcassets in Resources */,
				E29A3AF62B5BC9CC00FA3757 /* Assets.xcassets in Resources */,
			);
			runOnlyForDeploymentPostprocessing = 0;
		};
/* End PBXResourcesBuildPhase section */

/* Begin PBXSourcesBuildPhase section */
		E29A3AEA2B5BC9CB00FA3757 /* Sources */ = {
			isa = PBXSourcesBuildPhase;
			buildActionMask = 2147483647;
			files = (
				E2666FAB2B5C2E1400384A3A /* Date+Helpers.swift in Sources */,
				E2666FB32B5C41A200384A3A /* DayScrollTargetBehavior.swift in Sources */,
				E29A3B032B5BD15B00FA3757 /* Looping.swift in Sources */,
				E29A3AF42B5BC9CB00FA3757 /* LogView.swift in Sources */,
				E29A3B012B5BCC2500FA3757 /* NutrientsView.swift in Sources */,
				E2666FAF2B5C418000384A3A /* DayCircle.swift in Sources */,
				E29A3AF22B5BC9CB00FA3757 /* PrepLogDemoApp.swift in Sources */,
				E2666FAD2B5C414B00384A3A /* DaySlider.swift in Sources */,
				E2666FB52B5C41BA00384A3A /* Global.swift in Sources */,
				E2666FB12B5C418D00384A3A /* Triangle.swift in Sources */,
			);
			runOnlyForDeploymentPostprocessing = 0;
		};
/* End PBXSourcesBuildPhase section */

/* Begin XCBuildConfiguration section */
		E29A3AFB2B5BC9CC00FA3757 /* Debug */ = {
			isa = XCBuildConfiguration;
			buildSettings = {
				ALWAYS_SEARCH_USER_PATHS = NO;
				ASSETCATALOG_COMPILER_GENERATE_SWIFT_ASSET_SYMBOL_EXTENSIONS = YES;
				CLANG_ANALYZER_NONNULL = YES;
				CLANG_ANALYZER_NUMBER_OBJECT_CONVERSION = YES_AGGRESSIVE;
				CLANG_CXX_LANGUAGE_STANDARD = "gnu++20";
				CLANG_ENABLE_MODULES = YES;
				CLANG_ENABLE_OBJC_ARC = YES;
				CLANG_ENABLE_OBJC_WEAK = YES;
				CLANG_WARN_BLOCK_CAPTURE_AUTORELEASING = YES;
				CLANG_WARN_BOOL_CONVERSION = YES;
				CLANG_WARN_COMMA = YES;
				CLANG_WARN_CONSTANT_CONVERSION = YES;
				CLANG_WARN_DEPRECATED_OBJC_IMPLEMENTATIONS = YES;
				CLANG_WARN_DIRECT_OBJC_ISA_USAGE = YES_ERROR;
				CLANG_WARN_DOCUMENTATION_COMMENTS = YES;
				CLANG_WARN_EMPTY_BODY = YES;
				CLANG_WARN_ENUM_CONVERSION = YES;
				CLANG_WARN_INFINITE_RECURSION = YES;
				CLANG_WARN_INT_CONVERSION = YES;
				CLANG_WARN_NON_LITERAL_NULL_CONVERSION = YES;
				CLANG_WARN_OBJC_IMPLICIT_RETAIN_SELF = YES;
				CLANG_WARN_OBJC_LITERAL_CONVERSION = YES;
				CLANG_WARN_OBJC_ROOT_CLASS = YES_ERROR;
				CLANG_WARN_QUOTED_INCLUDE_IN_FRAMEWORK_HEADER = YES;
				CLANG_WARN_RANGE_LOOP_ANALYSIS = YES;
				CLANG_WARN_STRICT_PROTOTYPES = YES;
				CLANG_WARN_SUSPICIOUS_MOVE = YES;
				CLANG_WARN_UNGUARDED_AVAILABILITY = YES_AGGRESSIVE;
				CLANG_WARN_UNREACHABLE_CODE = YES;
				CLANG_WARN__DUPLICATE_METHOD_MATCH = YES;
				COPY_PHASE_STRIP = NO;
				DEBUG_INFORMATION_FORMAT = dwarf;
				ENABLE_STRICT_OBJC_MSGSEND = YES;
				ENABLE_TESTABILITY = YES;
				ENABLE_USER_SCRIPT_SANDBOXING = YES;
				GCC_C_LANGUAGE_STANDARD = gnu17;
				GCC_DYNAMIC_NO_PIC = NO;
				GCC_NO_COMMON_BLOCKS = YES;
				GCC_OPTIMIZATION_LEVEL = 0;
				GCC_PREPROCESSOR_DEFINITIONS = (
					"DEBUG=1",
					"$(inherited)",
				);
				GCC_WARN_64_TO_32_BIT_CONVERSION = YES;
				GCC_WARN_ABOUT_RETURN_TYPE = YES_ERROR;
				GCC_WARN_UNDECLARED_SELECTOR = YES;
				GCC_WARN_UNINITIALIZED_AUTOS = YES_AGGRESSIVE;
				GCC_WARN_UNUSED_FUNCTION = YES;
				GCC_WARN_UNUSED_VARIABLE = YES;
				LOCALIZATION_PREFERS_STRING_CATALOGS = YES;
				MTL_ENABLE_DEBUG_INFO = INCLUDE_SOURCE;
				MTL_FAST_MATH = YES;
				ONLY_ACTIVE_ARCH = YES;
				SWIFT_ACTIVE_COMPILATION_CONDITIONS = "DEBUG $(inherited)";
				SWIFT_OPTIMIZATION_LEVEL = "-Onone";
			};
			name = Debug;
		};
		E29A3AFC2B5BC9CC00FA3757 /* Release */ = {
			isa = XCBuildConfiguration;
			buildSettings = {
				ALWAYS_SEARCH_USER_PATHS = NO;
				ASSETCATALOG_COMPILER_GENERATE_SWIFT_ASSET_SYMBOL_EXTENSIONS = YES;
				CLANG_ANALYZER_NONNULL = YES;
				CLANG_ANALYZER_NUMBER_OBJECT_CONVERSION = YES_AGGRESSIVE;
				CLANG_CXX_LANGUAGE_STANDARD = "gnu++20";
				CLANG_ENABLE_MODULES = YES;
				CLANG_ENABLE_OBJC_ARC = YES;
				CLANG_ENABLE_OBJC_WEAK = YES;
				CLANG_WARN_BLOCK_CAPTURE_AUTORELEASING = YES;
				CLANG_WARN_BOOL_CONVERSION = YES;
				CLANG_WARN_COMMA = YES;
				CLANG_WARN_CONSTANT_CONVERSION = YES;
				CLANG_WARN_DEPRECATED_OBJC_IMPLEMENTATIONS = YES;
				CLANG_WARN_DIRECT_OBJC_ISA_USAGE = YES_ERROR;
				CLANG_WARN_DOCUMENTATION_COMMENTS = YES;
				CLANG_WARN_EMPTY_BODY = YES;
				CLANG_WARN_ENUM_CONVERSION = YES;
				CLANG_WARN_INFINITE_RECURSION = YES;
				CLANG_WARN_INT_CONVERSION = YES;
				CLANG_WARN_NON_LITERAL_NULL_CONVERSION = YES;
				CLANG_WARN_OBJC_IMPLICIT_RETAIN_SELF = YES;
				CLANG_WARN_OBJC_LITERAL_CONVERSION = YES;
				CLANG_WARN_OBJC_ROOT_CLASS = YES_ERROR;
				CLANG_WARN_QUOTED_INCLUDE_IN_FRAMEWORK_HEADER = YES;
				CLANG_WARN_RANGE_LOOP_ANALYSIS = YES;
				CLANG_WARN_STRICT_PROTOTYPES = YES;
				CLANG_WARN_SUSPICIOUS_MOVE = YES;
				CLANG_WARN_UNGUARDED_AVAILABILITY = YES_AGGRESSIVE;
				CLANG_WARN_UNREACHABLE_CODE = YES;
				CLANG_WARN__DUPLICATE_METHOD_MATCH = YES;
				COPY_PHASE_STRIP = NO;
				DEBUG_INFORMATION_FORMAT = "dwarf-with-dsym";
				ENABLE_NS_ASSERTIONS = NO;
				ENABLE_STRICT_OBJC_MSGSEND = YES;
				ENABLE_USER_SCRIPT_SANDBOXING = YES;
				GCC_C_LANGUAGE_STANDARD = gnu17;
				GCC_NO_COMMON_BLOCKS = YES;
				GCC_WARN_64_TO_32_BIT_CONVERSION = YES;
				GCC_WARN_ABOUT_RETURN_TYPE = YES_ERROR;
				GCC_WARN_UNDECLARED_SELECTOR = YES;
				GCC_WARN_UNINITIALIZED_AUTOS = YES_AGGRESSIVE;
				GCC_WARN_UNUSED_FUNCTION = YES;
				GCC_WARN_UNUSED_VARIABLE = YES;
				LOCALIZATION_PREFERS_STRING_CATALOGS = YES;
				MTL_ENABLE_DEBUG_INFO = NO;
				MTL_FAST_MATH = YES;
				SWIFT_COMPILATION_MODE = wholemodule;
			};
			name = Release;
		};
		E29A3AFE2B5BC9CC00FA3757 /* Debug */ = {
			isa = XCBuildConfiguration;
			buildSettings = {
				ASSETCATALOG_COMPILER_APPICON_NAME = AppIcon;
				ASSETCATALOG_COMPILER_GLOBAL_ACCENT_COLOR_NAME = AccentColor;
				CODE_SIGN_ENTITLEMENTS = PrepLogDemo/PrepLogDemo.entitlements;
				CODE_SIGN_STYLE = Automatic;
				CURRENT_PROJECT_VERSION = 1;
				DEVELOPMENT_ASSET_PATHS = "\"PrepLogDemo/Preview Content\"";
				DEVELOPMENT_TEAM = 3EQ4PU3P2V;
				ENABLE_HARDENED_RUNTIME = YES;
				ENABLE_PREVIEWS = YES;
				GENERATE_INFOPLIST_FILE = YES;
				"INFOPLIST_KEY_UIApplicationSceneManifest_Generation[sdk=iphoneos*]" = YES;
				"INFOPLIST_KEY_UIApplicationSceneManifest_Generation[sdk=iphonesimulator*]" = YES;
				"INFOPLIST_KEY_UIApplicationSupportsIndirectInputEvents[sdk=iphoneos*]" = YES;
				"INFOPLIST_KEY_UIApplicationSupportsIndirectInputEvents[sdk=iphonesimulator*]" = YES;
				"INFOPLIST_KEY_UILaunchScreen_Generation[sdk=iphoneos*]" = YES;
				"INFOPLIST_KEY_UILaunchScreen_Generation[sdk=iphonesimulator*]" = YES;
				"INFOPLIST_KEY_UIStatusBarStyle[sdk=iphoneos*]" = UIStatusBarStyleDefault;
				"INFOPLIST_KEY_UIStatusBarStyle[sdk=iphonesimulator*]" = UIStatusBarStyleDefault;
				INFOPLIST_KEY_UISupportedInterfaceOrientations_iPad = "UIInterfaceOrientationPortrait UIInterfaceOrientationPortraitUpsideDown UIInterfaceOrientationLandscapeLeft UIInterfaceOrientationLandscapeRight";
				INFOPLIST_KEY_UISupportedInterfaceOrientations_iPhone = "UIInterfaceOrientationPortrait UIInterfaceOrientationLandscapeLeft UIInterfaceOrientationLandscapeRight";
				IPHONEOS_DEPLOYMENT_TARGET = 17.2;
				LD_RUNPATH_SEARCH_PATHS = "@executable_path/Frameworks";
				"LD_RUNPATH_SEARCH_PATHS[sdk=macosx*]" = "@executable_path/../Frameworks";
				MACOSX_DEPLOYMENT_TARGET = 14.0;
				MARKETING_VERSION = 1.0;
				PRODUCT_BUNDLE_IDENTIFIER = com.ahmdrghb.PrepLogDemo;
				PRODUCT_NAME = "$(TARGET_NAME)";
				SDKROOT = auto;
				SUPPORTED_PLATFORMS = "iphoneos iphonesimulator macosx";
				SWIFT_EMIT_LOC_STRINGS = YES;
				SWIFT_VERSION = 5.0;
				TARGETED_DEVICE_FAMILY = "1,2";
			};
			name = Debug;
		};
		E29A3AFF2B5BC9CC00FA3757 /* Release */ = {
			isa = XCBuildConfiguration;
			buildSettings = {
				ASSETCATALOG_COMPILER_APPICON_NAME = AppIcon;
				ASSETCATALOG_COMPILER_GLOBAL_ACCENT_COLOR_NAME = AccentColor;
				CODE_SIGN_ENTITLEMENTS = PrepLogDemo/PrepLogDemo.entitlements;
				CODE_SIGN_STYLE = Automatic;
				CURRENT_PROJECT_VERSION = 1;
				DEVELOPMENT_ASSET_PATHS = "\"PrepLogDemo/Preview Content\"";
				DEVELOPMENT_TEAM = 3EQ4PU3P2V;
				ENABLE_HARDENED_RUNTIME = YES;
				ENABLE_PREVIEWS = YES;
				GENERATE_INFOPLIST_FILE = YES;
				"INFOPLIST_KEY_UIApplicationSceneManifest_Generation[sdk=iphoneos*]" = YES;
				"INFOPLIST_KEY_UIApplicationSceneManifest_Generation[sdk=iphonesimulator*]" = YES;
				"INFOPLIST_KEY_UIApplicationSupportsIndirectInputEvents[sdk=iphoneos*]" = YES;
				"INFOPLIST_KEY_UIApplicationSupportsIndirectInputEvents[sdk=iphonesimulator*]" = YES;
				"INFOPLIST_KEY_UILaunchScreen_Generation[sdk=iphoneos*]" = YES;
				"INFOPLIST_KEY_UILaunchScreen_Generation[sdk=iphonesimulator*]" = YES;
				"INFOPLIST_KEY_UIStatusBarStyle[sdk=iphoneos*]" = UIStatusBarStyleDefault;
				"INFOPLIST_KEY_UIStatusBarStyle[sdk=iphonesimulator*]" = UIStatusBarStyleDefault;
				INFOPLIST_KEY_UISupportedInterfaceOrientations_iPad = "UIInterfaceOrientationPortrait UIInterfaceOrientationPortraitUpsideDown UIInterfaceOrientationLandscapeLeft UIInterfaceOrientationLandscapeRight";
				INFOPLIST_KEY_UISupportedInterfaceOrientations_iPhone = "UIInterfaceOrientationPortrait UIInterfaceOrientationLandscapeLeft UIInterfaceOrientationLandscapeRight";
				IPHONEOS_DEPLOYMENT_TARGET = 17.2;
				LD_RUNPATH_SEARCH_PATHS = "@executable_path/Frameworks";
				"LD_RUNPATH_SEARCH_PATHS[sdk=macosx*]" = "@executable_path/../Frameworks";
				MACOSX_DEPLOYMENT_TARGET = 14.0;
				MARKETING_VERSION = 1.0;
				PRODUCT_BUNDLE_IDENTIFIER = com.ahmdrghb.PrepLogDemo;
				PRODUCT_NAME = "$(TARGET_NAME)";
				SDKROOT = auto;
				SUPPORTED_PLATFORMS = "iphoneos iphonesimulator macosx";
				SWIFT_EMIT_LOC_STRINGS = YES;
				SWIFT_VERSION = 5.0;
				TARGETED_DEVICE_FAMILY = "1,2";
			};
			name = Release;
		};
/* End XCBuildConfiguration section */

/* Begin XCConfigurationList section */
		E29A3AE92B5BC9CB00FA3757 /* Build configuration list for PBXProject "PrepLogDemo" */ = {
			isa = XCConfigurationList;
			buildConfigurations = (
				E29A3AFB2B5BC9CC00FA3757 /* Debug */,
				E29A3AFC2B5BC9CC00FA3757 /* Release */,
			);
			defaultConfigurationIsVisible = 0;
			defaultConfigurationName = Release;
		};
		E29A3AFD2B5BC9CC00FA3757 /* Build configuration list for PBXNativeTarget "PrepLogDemo" */ = {
			isa = XCConfigurationList;
			buildConfigurations = (
				E29A3AFE2B5BC9CC00FA3757 /* Debug */,
				E29A3AFF2B5BC9CC00FA3757 /* Release */,
			);
			defaultConfigurationIsVisible = 0;
			defaultConfigurationName = Release;
		};
/* End XCConfigurationList section */

/* Begin XCRemoteSwiftPackageReference section */
		E2666FB62B5C44AE00384A3A /* XCRemoteSwiftPackageReference "SwiftHaptics" */ = {
			isa = XCRemoteSwiftPackageReference;
			repositoryURL = "https://github.com/pxlshpr/SwiftHaptics";
			requirement = {
				kind = upToNextMajorVersion;
				minimumVersion = 0.1.4;
			};
		};
		E29A3B042B5BDE5F00FA3757 /* XCRemoteSwiftPackageReference "SwiftSugar" */ = {
			isa = XCRemoteSwiftPackageReference;
			repositoryURL = "https://github.com/pxlshpr/SwiftSugar";
			requirement = {
				kind = upToNextMajorVersion;
				minimumVersion = 0.0.97;
			};
		};
		E2A64C962B5C7A8E009C506A /* XCRemoteSwiftPackageReference "ColorSugar" */ = {
			isa = XCRemoteSwiftPackageReference;
			repositoryURL = "https://github.com/pxlshpr/ColorSugar";
			requirement = {
				kind = upToNextMajorVersion;
				minimumVersion = 0.0.8;
			};
		};
/* End XCRemoteSwiftPackageReference section */

/* Begin XCSwiftPackageProductDependency section */
		E2666FB72B5C44AF00384A3A /* SwiftHaptics */ = {
			isa = XCSwiftPackageProductDependency;
			package = E2666FB62B5C44AE00384A3A /* XCRemoteSwiftPackageReference "SwiftHaptics" */;
			productName = SwiftHaptics;
		};
		E29A3B052B5BDE5F00FA3757 /* SwiftSugar */ = {
			isa = XCSwiftPackageProductDependency;
			package = E29A3B042B5BDE5F00FA3757 /* XCRemoteSwiftPackageReference "SwiftSugar" */;
			productName = SwiftSugar;
		};
		E2A64C972B5C7A8E009C506A /* ColorSugar */ = {
			isa = XCSwiftPackageProductDependency;
			package = E2A64C962B5C7A8E009C506A /* XCRemoteSwiftPackageReference "ColorSugar" */;
			productName = ColorSugar;
		};
/* End XCSwiftPackageProductDependency section */
	};
	rootObject = E29A3AE62B5BC9CB00FA3757 /* Project object */;
}
